// !$*UTF8*$!
{
	archiveVersion = 1;
	classes = {
	};
	objectVersion = 46;
	objects = {

/* Begin PBXBuildFile section */
		6F0E19A51F0C9C11008C8B40 /* AppDelegate.swift in Sources */ = {isa = PBXBuildFile; fileRef = 6F0E19A41F0C9C11008C8B40 /* AppDelegate.swift */; };
		6F0E19A71F0C9C11008C8B40 /* ViewController.swift in Sources */ = {isa = PBXBuildFile; fileRef = 6F0E19A61F0C9C11008C8B40 /* ViewController.swift */; };
		6F0E19AA1F0C9C11008C8B40 /* Main.storyboard in Resources */ = {isa = PBXBuildFile; fileRef = 6F0E19A81F0C9C11008C8B40 /* Main.storyboard */; };
		6F0E19AC1F0C9C11008C8B40 /* Assets.xcassets in Resources */ = {isa = PBXBuildFile; fileRef = 6F0E19AB1F0C9C11008C8B40 /* Assets.xcassets */; };
		6F0E19AF1F0C9C11008C8B40 /* LaunchScreen.storyboard in Resources */ = {isa = PBXBuildFile; fileRef = 6F0E19AD1F0C9C11008C8B40 /* LaunchScreen.storyboard */; };
		6F0E19BA1F0C9C12008C8B40 /* ExampleTestTests.swift in Sources */ = {isa = PBXBuildFile; fileRef = 6F0E19B91F0C9C12008C8B40 /* ExampleTestTests.swift */; };
		6F0E19C51F0C9C12008C8B40 /* ExampleTestUITests.swift in Sources */ = {isa = PBXBuildFile; fileRef = 6F0E19C41F0C9C12008C8B40 /* ExampleTestUITests.swift */; };
/* End PBXBuildFile section */

/* Begin PBXContainerItemProxy section */
		6F0E19B61F0C9C12008C8B40 /* PBXContainerItemProxy */ = {
			isa = PBXContainerItemProxy;
			containerPortal = 6F0E19991F0C9C11008C8B40 /* Project object */;
			proxyType = 1;
			remoteGlobalIDString = 6F0E19A01F0C9C11008C8B40;
			remoteInfo = ExampleTest;
		};
		6F0E19C11F0C9C12008C8B40 /* PBXContainerItemProxy */ = {
			isa = PBXContainerItemProxy;
			containerPortal = 6F0E19991F0C9C11008C8B40 /* Project object */;
			proxyType = 1;
			remoteGlobalIDString = 6F0E19A01F0C9C11008C8B40;
			remoteInfo = ExampleTest;
		};
/* End PBXContainerItemProxy section */

/* Begin PBXFileReference section */
		6F0E19A11F0C9C11008C8B40 /* ExampleTest.app */ = {isa = PBXFileReference; explicitFileType = wrapper.application; includeInIndex = 0; path = ExampleTest.app; sourceTree = BUILT_PRODUCTS_DIR; };
		6F0E19A41F0C9C11008C8B40 /* AppDelegate.swift */ = {isa = PBXFileReference; lastKnownFileType = sourcecode.swift; path = AppDelegate.swift; sourceTree = "<group>"; };
		6F0E19A61F0C9C11008C8B40 /* ViewController.swift */ = {isa = PBXFileReference; lastKnownFileType = sourcecode.swift; path = ViewController.swift; sourceTree = "<group>"; };
		6F0E19A91F0C9C11008C8B40 /* Base */ = {isa = PBXFileReference; lastKnownFileType = file.storyboard; name = Base; path = Base.lproj/Main.storyboard; sourceTree = "<group>"; };
		6F0E19AB1F0C9C11008C8B40 /* Assets.xcassets */ = {isa = PBXFileReference; lastKnownFileType = folder.assetcatalog; path = Assets.xcassets; sourceTree = "<group>"; };
		6F0E19AE1F0C9C11008C8B40 /* Base */ = {isa = PBXFileReference; lastKnownFileType = file.storyboard; name = Base; path = Base.lproj/LaunchScreen.storyboard; sourceTree = "<group>"; };
		6F0E19B01F0C9C11008C8B40 /* Info.plist */ = {isa = PBXFileReference; lastKnownFileType = text.plist.xml; path = Info.plist; sourceTree = "<group>"; };
		6F0E19B51F0C9C12008C8B40 /* ExampleTestTests.xctest */ = {isa = PBXFileReference; explicitFileType = wrapper.cfbundle; includeInIndex = 0; path = ExampleTestTests.xctest; sourceTree = BUILT_PRODUCTS_DIR; };
		6F0E19B91F0C9C12008C8B40 /* ExampleTestTests.swift */ = {isa = PBXFileReference; lastKnownFileType = sourcecode.swift; path = ExampleTestTests.swift; sourceTree = "<group>"; };
		6F0E19BB1F0C9C12008C8B40 /* Info.plist */ = {isa = PBXFileReference; lastKnownFileType = text.plist.xml; path = Info.plist; sourceTree = "<group>"; };
		6F0E19C01F0C9C12008C8B40 /* ExampleTestUITests.xctest */ = {isa = PBXFileReference; explicitFileType = wrapper.cfbundle; includeInIndex = 0; path = ExampleTestUITests.xctest; sourceTree = BUILT_PRODUCTS_DIR; };
		6F0E19C41F0C9C12008C8B40 /* ExampleTestUITests.swift */ = {isa = PBXFileReference; lastKnownFileType = sourcecode.swift; path = ExampleTestUITests.swift; sourceTree = "<group>"; };
		6F0E19C61F0C9C12008C8B40 /* Info.plist */ = {isa = PBXFileReference; lastKnownFileType = text.plist.xml; path = Info.plist; sourceTree = "<group>"; };
/* End PBXFileReference section */

/* Begin PBXFrameworksBuildPhase section */
		6F0E199E1F0C9C11008C8B40 /* Frameworks */ = {
			isa = PBXFrameworksBuildPhase;
			buildActionMask = 2147483647;
			files = (
			);
			runOnlyForDeploymentPostprocessing = 0;
		};
		6F0E19B21F0C9C12008C8B40 /* Frameworks */ = {
			isa = PBXFrameworksBuildPhase;
			buildActionMask = 2147483647;
			files = (
			);
			runOnlyForDeploymentPostprocessing = 0;
		};
		6F0E19BD1F0C9C12008C8B40 /* Frameworks */ = {
			isa = PBXFrameworksBuildPhase;
			buildActionMask = 2147483647;
			files = (
			);
			runOnlyForDeploymentPostprocessing = 0;
		};
/* End PBXFrameworksBuildPhase section */

/* Begin PBXGroup section */
		6F0E19981F0C9C11008C8B40 = {
			isa = PBXGroup;
			children = (
				6F0E19A31F0C9C11008C8B40 /* ExampleTest */,
				6F0E19B81F0C9C12008C8B40 /* ExampleTestTests */,
				6F0E19C31F0C9C12008C8B40 /* ExampleTestUITests */,
				6F0E19A21F0C9C11008C8B40 /* Products */,
			);
			sourceTree = "<group>";
		};
		6F0E19A21F0C9C11008C8B40 /* Products */ = {
			isa = PBXGroup;
			children = (
				6F0E19A11F0C9C11008C8B40 /* ExampleTest.app */,
				6F0E19B51F0C9C12008C8B40 /* ExampleTestTests.xctest */,
				6F0E19C01F0C9C12008C8B40 /* ExampleTestUITests.xctest */,
			);
			name = Products;
			sourceTree = "<group>";
		};
		6F0E19A31F0C9C11008C8B40 /* ExampleTest */ = {
			isa = PBXGroup;
			children = (
				6F0E19A41F0C9C11008C8B40 /* AppDelegate.swift */,
				6F0E19A61F0C9C11008C8B40 /* ViewController.swift */,
				6F0E19A81F0C9C11008C8B40 /* Main.storyboard */,
				6F0E19AB1F0C9C11008C8B40 /* Assets.xcassets */,
				6F0E19AD1F0C9C11008C8B40 /* LaunchScreen.storyboard */,
				6F0E19B01F0C9C11008C8B40 /* Info.plist */,
			);
			path = ExampleTest;
			sourceTree = "<group>";
		};
		6F0E19B81F0C9C12008C8B40 /* ExampleTestTests */ = {
			isa = PBXGroup;
			children = (
				6F0E19B91F0C9C12008C8B40 /* ExampleTestTests.swift */,
				6F0E19BB1F0C9C12008C8B40 /* Info.plist */,
			);
			path = ExampleTestTests;
			sourceTree = "<group>";
		};
		6F0E19C31F0C9C12008C8B40 /* ExampleTestUITests */ = {
			isa = PBXGroup;
			children = (
				6F0E19C41F0C9C12008C8B40 /* ExampleTestUITests.swift */,
				6F0E19C61F0C9C12008C8B40 /* Info.plist */,
			);
			path = ExampleTestUITests;
			sourceTree = "<group>";
		};
/* End PBXGroup section */

/* Begin PBXNativeTarget section */
		6F0E19A01F0C9C11008C8B40 /* ExampleTest */ = {
			isa = PBXNativeTarget;
			buildConfigurationList = 6F0E19C91F0C9C12008C8B40 /* Build configuration list for PBXNativeTarget "ExampleTest" */;
			buildPhases = (
				6F0E199D1F0C9C11008C8B40 /* Sources */,
				6F0E199E1F0C9C11008C8B40 /* Frameworks */,
				6F0E199F1F0C9C11008C8B40 /* Resources */,
			);
			buildRules = (
			);
			dependencies = (
			);
			name = ExampleTest;
			productName = ExampleTest;
			productReference = 6F0E19A11F0C9C11008C8B40 /* ExampleTest.app */;
			productType = "com.apple.product-type.application";
		};
		6F0E19B41F0C9C12008C8B40 /* ExampleTestTests */ = {
			isa = PBXNativeTarget;
			buildConfigurationList = 6F0E19CC1F0C9C12008C8B40 /* Build configuration list for PBXNativeTarget "ExampleTestTests" */;
			buildPhases = (
				6F0E19B11F0C9C12008C8B40 /* Sources */,
				6F0E19B21F0C9C12008C8B40 /* Frameworks */,
				6F0E19B31F0C9C12008C8B40 /* Resources */,
			);
			buildRules = (
			);
			dependencies = (
				6F0E19B71F0C9C12008C8B40 /* PBXTargetDependency */,
			);
			name = ExampleTestTests;
			productName = ExampleTestTests;
			productReference = 6F0E19B51F0C9C12008C8B40 /* ExampleTestTests.xctest */;
			productType = "com.apple.product-type.bundle.unit-test";
		};
		6F0E19BF1F0C9C12008C8B40 /* ExampleTestUITests */ = {
			isa = PBXNativeTarget;
			buildConfigurationList = 6F0E19CF1F0C9C12008C8B40 /* Build configuration list for PBXNativeTarget "ExampleTestUITests" */;
			buildPhases = (
				6F0E19BC1F0C9C12008C8B40 /* Sources */,
				6F0E19BD1F0C9C12008C8B40 /* Frameworks */,
				6F0E19BE1F0C9C12008C8B40 /* Resources */,
			);
			buildRules = (
			);
			dependencies = (
				6F0E19C21F0C9C12008C8B40 /* PBXTargetDependency */,
			);
			name = ExampleTestUITests;
			productName = ExampleTestUITests;
			productReference = 6F0E19C01F0C9C12008C8B40 /* ExampleTestUITests.xctest */;
			productType = "com.apple.product-type.bundle.ui-testing";
		};
/* End PBXNativeTarget section */

/* Begin PBXProject section */
		6F0E19991F0C9C11008C8B40 /* Project object */ = {
			isa = PBXProject;
			attributes = {
				LastSwiftUpdateCheck = 0830;
				LastUpgradeCheck = 0830;
				ORGANIZATIONNAME = "tran trung thanh";
				TargetAttributes = {
					6F0E19A01F0C9C11008C8B40 = {
						CreatedOnToolsVersion = 8.3.2;
						ProvisioningStyle = Automatic;
					};
					6F0E19B41F0C9C12008C8B40 = {
						CreatedOnToolsVersion = 8.3.2;
						ProvisioningStyle = Automatic;
						TestTargetID = 6F0E19A01F0C9C11008C8B40;
					};
					6F0E19BF1F0C9C12008C8B40 = {
						CreatedOnToolsVersion = 8.3.2;
						ProvisioningStyle = Automatic;
						TestTargetID = 6F0E19A01F0C9C11008C8B40;
					};
				};
			};
			buildConfigurationList = 6F0E199C1F0C9C11008C8B40 /* Build configuration list for PBXProject "ExampleTest" */;
			compatibilityVersion = "Xcode 3.2";
			developmentRegion = English;
			hasScannedForEncodings = 0;
			knownRegions = (
				en,
				Base,
			);
			mainGroup = 6F0E19981F0C9C11008C8B40;
			productRefGroup = 6F0E19A21F0C9C11008C8B40 /* Products */;
			projectDirPath = "";
			projectRoot = "";
			targets = (
				6F0E19A01F0C9C11008C8B40 /* ExampleTest */,
				6F0E19B41F0C9C12008C8B40 /* ExampleTestTests */,
				6F0E19BF1F0C9C12008C8B40 /* ExampleTestUITests */,
			);
		};
/* End PBXProject section */

/* Begin PBXResourcesBuildPhase section */
		6F0E199F1F0C9C11008C8B40 /* Resources */ = {
			isa = PBXResourcesBuildPhase;
			buildActionMask = 2147483647;
			files = (
				6F0E19AF1F0C9C11008C8B40 /* LaunchScreen.storyboard in Resources */,
				6F0E19AC1F0C9C11008C8B40 /* Assets.xcassets in Resources */,
				6F0E19AA1F0C9C11008C8B40 /* Main.storyboard in Resources */,
			);
			runOnlyForDeploymentPostprocessing = 0;
		};
		6F0E19B31F0C9C12008C8B40 /* Resources */ = {
			isa = PBXResourcesBuildPhase;
			buildActionMask = 2147483647;
			files = (
			);
			runOnlyForDeploymentPostprocessing = 0;
		};
		6F0E19BE1F0C9C12008C8B40 /* Resources */ = {
			isa = PBXResourcesBuildPhase;
			buildActionMask = 2147483647;
			files = (
			);
			runOnlyForDeploymentPostprocessing = 0;
		};
/* End PBXResourcesBuildPhase section */

/* Begin PBXSourcesBuildPhase section */
		6F0E199D1F0C9C11008C8B40 /* Sources */ = {
			isa = PBXSourcesBuildPhase;
			buildActionMask = 2147483647;
			files = (
				6F0E19A71F0C9C11008C8B40 /* ViewController.swift in Sources */,
				6F0E19A51F0C9C11008C8B40 /* AppDelegate.swift in Sources */,
			);
			runOnlyForDeploymentPostprocessing = 0;
		};
		6F0E19B11F0C9C12008C8B40 /* Sources */ = {
			isa = PBXSourcesBuildPhase;
			buildActionMask = 2147483647;
			files = (
				6F0E19BA1F0C9C12008C8B40 /* ExampleTestTests.swift in Sources */,
			);
			runOnlyForDeploymentPostprocessing = 0;
		};
		6F0E19BC1F0C9C12008C8B40 /* Sources */ = {
			isa = PBXSourcesBuildPhase;
			buildActionMask = 2147483647;
			files = (
				6F0E19C51F0C9C12008C8B40 /* ExampleTestUITests.swift in Sources */,
			);
			runOnlyForDeploymentPostprocessing = 0;
		};
/* End PBXSourcesBuildPhase section */

/* Begin PBXTargetDependency section */
		6F0E19B71F0C9C12008C8B40 /* PBXTargetDependency */ = {
			isa = PBXTargetDependency;
			target = 6F0E19A01F0C9C11008C8B40 /* ExampleTest */;
			targetProxy = 6F0E19B61F0C9C12008C8B40 /* PBXContainerItemProxy */;
		};
		6F0E19C21F0C9C12008C8B40 /* PBXTargetDependency */ = {
			isa = PBXTargetDependency;
			target = 6F0E19A01F0C9C11008C8B40 /* ExampleTest */;
			targetProxy = 6F0E19C11F0C9C12008C8B40 /* PBXContainerItemProxy */;
		};
/* End PBXTargetDependency section */

/* Begin PBXVariantGroup section */
		6F0E19A81F0C9C11008C8B40 /* Main.storyboard */ = {
			isa = PBXVariantGroup;
			children = (
				6F0E19A91F0C9C11008C8B40 /* Base */,
			);
			name = Main.storyboard;
			sourceTree = "<group>";
		};
		6F0E19AD1F0C9C11008C8B40 /* LaunchScreen.storyboard */ = {
			isa = PBXVariantGroup;
			children = (
				6F0E19AE1F0C9C11008C8B40 /* Base */,
			);
			name = LaunchScreen.storyboard;
			sourceTree = "<group>";
		};
/* End PBXVariantGroup section */

/* Begin XCBuildConfiguration section */
		6F0E19C71F0C9C12008C8B40 /* Debug */ = {
			isa = XCBuildConfiguration;
			buildSettings = {
				ALWAYS_SEARCH_USER_PATHS = NO;
				CLANG_ANALYZER_NONNULL = YES;
				CLANG_ANALYZER_NUMBER_OBJECT_CONVERSION = YES_AGGRESSIVE;
				CLANG_CXX_LANGUAGE_STANDARD = "gnu++0x";
				CLANG_CXX_LIBRARY = "libc++";
				CLANG_ENABLE_MODULES = YES;
				CLANG_ENABLE_OBJC_ARC = YES;
				CLANG_WARN_BOOL_CONVERSION = YES;
				CLANG_WARN_CONSTANT_CONVERSION = YES;
				CLANG_WARN_DIRECT_OBJC_ISA_USAGE = YES_ERROR;
				CLANG_WARN_DOCUMENTATION_COMMENTS = YES;
				CLANG_WARN_EMPTY_BODY = YES;
				CLANG_WARN_ENUM_CONVERSION = YES;
				CLANG_WARN_INFINITE_RECURSION = YES;
				CLANG_WARN_INT_CONVERSION = YES;
				CLANG_WARN_OBJC_ROOT_CLASS = YES_ERROR;
				CLANG_WARN_SUSPICIOUS_MOVE = YES;
				CLANG_WARN_UNREACHABLE_CODE = YES;
				CLANG_WARN__DUPLICATE_METHOD_MATCH = YES;
				"CODE_SIGN_IDENTITY[sdk=iphoneos*]" = "iPhone Developer";
				COPY_PHASE_STRIP = NO;
				DEBUG_INFORMATION_FORMAT = dwarf;
				ENABLE_STRICT_OBJC_MSGSEND = YES;
				ENABLE_TESTABILITY = YES;
				GCC_C_LANGUAGE_STANDARD = gnu99;
				GCC_DYNAMIC_NO_PIC = NO;
				GCC_NO_COMMON_BLOCKS = YES;
				GCC_OPTIMIZATION_LEVEL = 0;
				GCC_PREPROCESSOR_DEFINITIONS = (
					"DEBUG=1",
					"$(inherited)",
				);
				GCC_WARN_64_TO_32_BIT_CONVERSION = YES;
				GCC_WARN_ABOUT_RETURN_TYPE = YES_ERROR;
				GCC_WARN_UNDECLARED_SELECTOR = YES;
				GCC_WARN_UNINITIALIZED_AUTOS = YES_AGGRESSIVE;
				GCC_WARN_UNUSED_FUNCTION = YES;
				GCC_WARN_UNUSED_VARIABLE = YES;
				IPHONEOS_DEPLOYMENT_TARGET = 10.3;
				MTL_ENABLE_DEBUG_INFO = YES;
				ONLY_ACTIVE_ARCH = YES;
				SDKROOT = iphoneos;
				SWIFT_ACTIVE_COMPILATION_CONDITIONS = DEBUG;
				SWIFT_OPTIMIZATION_LEVEL = "-Onone";
				TARGETED_DEVICE_FAMILY = "1,2";
			};
			name = Debug;
		};
		6F0E19C81F0C9C12008C8B40 /* Release */ = {
			isa = XCBuildConfiguration;
			buildSettings = {
				ALWAYS_SEARCH_USER_PATHS = NO;
				CLANG_ANALYZER_NONNULL = YES;
				CLANG_ANALYZER_NUMBER_OBJECT_CONVERSION = YES_AGGRESSIVE;
				CLANG_CXX_LANGUAGE_STANDARD = "gnu++0x";
				CLANG_CXX_LIBRARY = "libc++";
				CLANG_ENABLE_MODULES = YES;
				CLANG_ENABLE_OBJC_ARC = YES;
				CLANG_WARN_BOOL_CONVERSION = YES;
				CLANG_WARN_CONSTANT_CONVERSION = YES;
				CLANG_WARN_DIRECT_OBJC_ISA_USAGE = YES_ERROR;
				CLANG_WARN_DOCUMENTATION_COMMENTS = YES;
				CLANG_WARN_EMPTY_BODY = YES;
				CLANG_WARN_ENUM_CONVERSION = YES;
				CLANG_WARN_INFINITE_RECURSION = YES;
				CLANG_WARN_INT_CONVERSION = YES;
				CLANG_WARN_OBJC_ROOT_CLASS = YES_ERROR;
				CLANG_WARN_SUSPICIOUS_MOVE = YES;
				CLANG_WARN_UNREACHABLE_CODE = YES;
				CLANG_WARN__DUPLICATE_METHOD_MATCH = YES;
				"CODE_SIGN_IDENTITY[sdk=iphoneos*]" = "iPhone Developer";
				COPY_PHASE_STRIP = NO;
				DEBUG_INFORMATION_FORMAT = "dwarf-with-dsym";
				ENABLE_NS_ASSERTIONS = NO;
				ENABLE_STRICT_OBJC_MSGSEND = YES;
				GCC_C_LANGUAGE_STANDARD = gnu99;
				GCC_NO_COMMON_BLOCKS = YES;
				GCC_WARN_64_TO_32_BIT_CONVERSION = YES;
				GCC_WARN_ABOUT_RETURN_TYPE = YES_ERROR;
				GCC_WARN_UNDECLARED_SELECTOR = YES;
				GCC_WARN_UNINITIALIZED_AUTOS = YES_AGGRESSIVE;
				GCC_WARN_UNUSED_FUNCTION = YES;
				GCC_WARN_UNUSED_VARIABLE = YES;
				IPHONEOS_DEPLOYMENT_TARGET = 10.3;
				MTL_ENABLE_DEBUG_INFO = NO;
				SDKROOT = iphoneos;
				SWIFT_OPTIMIZATION_LEVEL = "-Owholemodule";
				TARGETED_DEVICE_FAMILY = "1,2";
				VALIDATE_PRODUCT = YES;
			};
			name = Release;
		};
		6F0E19CA1F0C9C12008C8B40 /* Debug */ = {
			isa = XCBuildConfiguration;
			buildSettings = {
				ASSETCATALOG_COMPILER_APPICON_NAME = AppIcon;
				INFOPLIST_FILE = ExampleTest/Info.plist;
				LD_RUNPATH_SEARCH_PATHS = "$(inherited) @executable_path/Frameworks";
				PRODUCT_BUNDLE_IDENTIFIER = CandySearch.ExampleTest;
				PRODUCT_NAME = "$(TARGET_NAME)";
				SWIFT_VERSION = 3.0;
			};
			name = Debug;
		};
		6F0E19CB1F0C9C12008C8B40 /* Release */ = {
			isa = XCBuildConfiguration;
			buildSettings = {
				ASSETCATALOG_COMPILER_APPICON_NAME = AppIcon;
				INFOPLIST_FILE = ExampleTest/Info.plist;
				LD_RUNPATH_SEARCH_PATHS = "$(inherited) @executable_path/Frameworks";
				PRODUCT_BUNDLE_IDENTIFIER = CandySearch.ExampleTest;
				PRODUCT_NAME = "$(TARGET_NAME)";
				SWIFT_VERSION = 3.0;
			};
			name = Release;
		};
		6F0E19CD1F0C9C12008C8B40 /* Debug */ = {
			isa = XCBuildConfiguration;
			buildSettings = {
				ALWAYS_EMBED_SWIFT_STANDARD_LIBRARIES = YES;
				BUNDLE_LOADER = "$(TEST_HOST)";
				INFOPLIST_FILE = ExampleTestTests/Info.plist;
				LD_RUNPATH_SEARCH_PATHS = "$(inherited) @executable_path/Frameworks @loader_path/Frameworks";
				PRODUCT_BUNDLE_IDENTIFIER = CandySearch.ExampleTestTests;
				PRODUCT_NAME = "$(TARGET_NAME)";
				SWIFT_VERSION = 3.0;
				TEST_HOST = "$(BUILT_PRODUCTS_DIR)/ExampleTest.app/ExampleTest";
			};
			name = Debug;
		};
		6F0E19CE1F0C9C12008C8B40 /* Release */ = {
			isa = XCBuildConfiguration;
			buildSettings = {
				ALWAYS_EMBED_SWIFT_STANDARD_LIBRARIES = YES;
				BUNDLE_LOADER = "$(TEST_HOST)";
				INFOPLIST_FILE = ExampleTestTests/Info.plist;
				LD_RUNPATH_SEARCH_PATHS = "$(inherited) @executable_path/Frameworks @loader_path/Frameworks";
				PRODUCT_BUNDLE_IDENTIFIER = CandySearch.ExampleTestTests;
				PRODUCT_NAME = "$(TARGET_NAME)";
				SWIFT_VERSION = 3.0;
				TEST_HOST = "$(BUILT_PRODUCTS_DIR)/ExampleTest.app/ExampleTest";
			};
			name = Release;
		};
		6F0E19D01F0C9C12008C8B40 /* Debug */ = {
			isa = XCBuildConfiguration;
			buildSettings = {
				ALWAYS_EMBED_SWIFT_STANDARD_LIBRARIES = YES;
				INFOPLIST_FILE = ExampleTestUITests/Info.plist;
				LD_RUNPATH_SEARCH_PATHS = "$(inherited) @executable_path/Frameworks @loader_path/Frameworks";
				PRODUCT_BUNDLE_IDENTIFIER = CandySearch.ExampleTestUITests;
				PRODUCT_NAME = "$(TARGET_NAME)";
				SWIFT_VERSION = 3.0;
				TEST_TARGET_NAME = ExampleTest;
			};
			name = Debug;
		};
		6F0E19D11F0C9C12008C8B40 /* Release */ = {
			isa = XCBuildConfiguration;
			buildSettings = {
				ALWAYS_EMBED_SWIFT_STANDARD_LIBRARIES = YES;
				INFOPLIST_FILE = ExampleTestUITests/Info.plist;
				LD_RUNPATH_SEARCH_PATHS = "$(inherited) @executable_path/Frameworks @loader_path/Frameworks";
				PRODUCT_BUNDLE_IDENTIFIER = CandySearch.ExampleTestUITests;
				PRODUCT_NAME = "$(TARGET_NAME)";
				SWIFT_VERSION = 3.0;
				TEST_TARGET_NAME = ExampleTest;
			};
			name = Release;
		};
/* End XCBuildConfiguration section */

/* Begin XCConfigurationList section */
		6F0E199C1F0C9C11008C8B40 /* Build configuration list for PBXProject "ExampleTest" */ = {
			isa = XCConfigurationList;
			buildConfigurations = (
				6F0E19C71F0C9C12008C8B40 /* Debug */,
				6F0E19C81F0C9C12008C8B40 /* Release */,
			);
			defaultConfigurationIsVisible = 0;
			defaultConfigurationName = Release;
		};
		6F0E19C91F0C9C12008C8B40 /* Build configuration list for PBXNativeTarget "ExampleTest" */ = {
			isa = XCConfigurationList;
			buildConfigurations = (
				6F0E19CA1F0C9C12008C8B40 /* Debug */,
				6F0E19CB1F0C9C12008C8B40 /* Release */,
			);
			defaultConfigurationIsVisible = 0;
		};
		6F0E19CC1F0C9C12008C8B40 /* Build configuration list for PBXNativeTarget "ExampleTestTests" */ = {
			isa = XCConfigurationList;
			buildConfigurations = (
				6F0E19CD1F0C9C12008C8B40 /* Debug */,
				6F0E19CE1F0C9C12008C8B40 /* Release */,
			);
			defaultConfigurationIsVisible = 0;
		};
		6F0E19CF1F0C9C12008C8B40 /* Build configuration list for PBXNativeTarget "ExampleTestUITests" */ = {
			isa = XCConfigurationList;
			buildConfigurations = (
				6F0E19D01F0C9C12008C8B40 /* Debug */,
				6F0E19D11F0C9C12008C8B40 /* Release */,
			);
			defaultConfigurationIsVisible = 0;
		};
/* End XCConfigurationList section */
	};
	rootObject = 6F0E19991F0C9C11008C8B40 /* Project object */;
}
